
Microsoft Visual Studio Solution File, Format Version 12.00
# Visual Studio 15
VisualStudioVersion = 15.0.26430.15
MinimumVisualStudioVersion = 10.0.40219.1
Project("{FAE04EC0-301F-11D3-BF4B-00C04F79EFBC}") = "ChessApp", "ChessApp\ChessApp.csproj", "{D00AFF48-BDB4-427D-A7D7-8124F8EC47DE}"
EndProject
Project("{FAE04EC0-301F-11D3-BF4B-00C04F79EFBC}") = "ChessApp3", "ChessApp3\ChessApp3.csproj", "{E4538F74-B28A-4FBC-BAAA-2FD556F3C3C6}"
EndProject
Project("{FAE04EC0-301F-11D3-BF4B-00C04F79EFBC}") = "ChessEngine", "ChessEngine\ChessEngine.csproj", "{301C51D7-1C1E-4E21-B1AC-A56162799838}"
EndProject
Global
	GlobalSection(SolutionConfigurationPlatforms) = preSolution
		Debug|Any CPU = Debug|Any CPU
		Release|Any CPU = Release|Any CPU
	EndGlobalSection
	GlobalSection(ProjectConfigurationPlatforms) = postSolution
		{D00AFF48-BDB4-427D-A7D7-8124F8EC47DE}.Debug|Any CPU.ActiveCfg = Debug|Any CPU
		{D00AFF48-BDB4-427D-A7D7-8124F8EC47DE}.Debug|Any CPU.Build.0 = Debug|Any CPU
		{D00AFF48-BDB4-427D-A7D7-8124F8EC47DE}.Release|Any CPU.ActiveCfg = Release|Any CPU
		{D00AFF48-BDB4-427D-A7D7-8124F8EC47DE}.Release|Any CPU.Build.0 = Release|Any CPU
		{E4538F74-B28A-4FBC-BAAA-2FD556F3C3C6}.Debug|Any CPU.ActiveCfg = Debug|Any CPU
		{E4538F74-B28A-4FBC-BAAA-2FD556F3C3C6}.Debug|Any CPU.Build.0 = Debug|Any CPU
		{E4538F74-B28A-4FBC-BAAA-2FD556F3C3C6}.Release|Any CPU.ActiveCfg = Release|Any CPU
		{E4538F74-B28A-4FBC-BAAA-2FD556F3C3C6}.Release|Any CPU.Build.0 = Release|Any CPU
		{301C51D7-1C1E-4E21-B1AC-A56162799838}.Debug|Any CPU.ActiveCfg = Debug|Any CPU
		{301C51D7-1C1E-4E21-B1AC-A56162799838}.Debug|Any CPU.Build.0 = Debug|Any CPU
		{301C51D7-1C1E-4E21-B1AC-A56162799838}.Release|Any CPU.ActiveCfg = Release|Any CPU
		{301C51D7-1C1E-4E21-B1AC-A56162799838}.Release|Any CPU.Build.0 = Release|Any CPU
	EndGlobalSection
	GlobalSection(SolutionProperties) = preSolution
		HideSolutionNode = FALSE
	EndGlobalSection
EndGlobal
